# This file is @generated by PDM.
# It is not intended for manual editing.

[metadata]
groups = ["default"]
cross_platform = true
static_urls = false
lock_version = "4.3"
content_hash = "sha256:6ca7fe31c61588d099d9cdd934c7fa9d21a4b681444f6b62304abf600313e396"

[[package]]
name = "dill"
version = "0.3.7"
requires_python = ">=3.7"
summary = "serialize all of Python"
files = [
    {file = "dill-0.3.7-py3-none-any.whl", hash = "sha256:76b122c08ef4ce2eedcd4d1abd8e641114bfc6c2867f49f3c41facf65bf19f5e"},
    {file = "dill-0.3.7.tar.gz", hash = "sha256:cc1c8b182eb3013e24bd475ff2e9295af86c1a38eb1aff128dac8962a9ce3c03"},
]

[[package]]
name = "mpmath"
version = "1.3.0"
summary = "Python library for arbitrary-precision floating-point arithmetic"
files = [
    {file = "mpmath-1.3.0-py3-none-any.whl", hash = "sha256:a0b2b9fe80bbcd81a6647ff13108738cfb482d481d826cc0e02f5b35e5c88d2c"},
    {file = "mpmath-1.3.0.tar.gz", hash = "sha256:7a28eb2a9774d00c7bc92411c19a89209d5da7c4c9a9e227be8330a23a25b91f"},
]

[[package]]
name = "numpy"
version = "1.25.2"
requires_python = ">=3.9"
summary = "Fundamental package for array computing in Python"
files = [
    {file = "numpy-1.25.2-cp310-cp310-macosx_10_9_x86_64.whl", hash = "sha256:db3ccc4e37a6873045580d413fe79b68e47a681af8db2e046f1dacfa11f86eb3"},
    {file = "numpy-1.25.2-cp310-cp310-macosx_11_0_arm64.whl", hash = "sha256:90319e4f002795ccfc9050110bbbaa16c944b1c37c0baeea43c5fb881693ae1f"},
    {file = "numpy-1.25.2-cp310-cp310-manylinux_2_17_aarch64.manylinux2014_aarch64.whl", hash = "sha256:dfe4a913e29b418d096e696ddd422d8a5d13ffba4ea91f9f60440a3b759b0187"},
    {file = "numpy-1.25.2-cp310-cp310-manylinux_2_17_x86_64.manylinux2014_x86_64.whl", hash = "sha256:f08f2e037bba04e707eebf4bc934f1972a315c883a9e0ebfa8a7756eabf9e357"},
    {file = "numpy-1.25.2-cp310-cp310-musllinux_1_1_x86_64.whl", hash = "sha256:bec1e7213c7cb00d67093247f8c4db156fd03075f49876957dca4711306d39c9"},
    {file = "numpy-1.25.2-cp310-cp310-win32.whl", hash = "sha256:7dc869c0c75988e1c693d0e2d5b26034644399dd929bc049db55395b1379e044"},
    {file = "numpy-1.25.2-cp310-cp310-win_amd64.whl", hash = "sha256:834b386f2b8210dca38c71a6e0f4fd6922f7d3fcff935dbe3a570945acb1b545"},
    {file = "numpy-1.25.2-cp311-cp311-macosx_10_9_x86_64.whl", hash = "sha256:c5462d19336db4560041517dbb7759c21d181a67cb01b36ca109b2ae37d32418"},
    {file = "numpy-1.25.2-cp311-cp311-macosx_11_0_arm64.whl", hash = "sha256:c5652ea24d33585ea39eb6a6a15dac87a1206a692719ff45d53c5282e66d4a8f"},
    {file = "numpy-1.25.2-cp311-cp311-manylinux_2_17_aarch64.manylinux2014_aarch64.whl", hash = "sha256:0d60fbae8e0019865fc4784745814cff1c421df5afee233db6d88ab4f14655a2"},
    {file = "numpy-1.25.2-cp311-cp311-manylinux_2_17_x86_64.manylinux2014_x86_64.whl", hash = "sha256:60e7f0f7f6d0eee8364b9a6304c2845b9c491ac706048c7e8cf47b83123b8dbf"},
    {file = "numpy-1.25.2-cp311-cp311-musllinux_1_1_x86_64.whl", hash = "sha256:bb33d5a1cf360304754913a350edda36d5b8c5331a8237268c48f91253c3a364"},
    {file = "numpy-1.25.2-cp311-cp311-win32.whl", hash = "sha256:5883c06bb92f2e6c8181df7b39971a5fb436288db58b5a1c3967702d4278691d"},
    {file = "numpy-1.25.2-cp311-cp311-win_amd64.whl", hash = "sha256:5c97325a0ba6f9d041feb9390924614b60b99209a71a69c876f71052521d42a4"},
    {file = "numpy-1.25.2-pp39-pypy39_pp73-macosx_10_9_x86_64.whl", hash = "sha256:1a1329e26f46230bf77b02cc19e900db9b52f398d6722ca853349a782d4cff55"},
    {file = "numpy-1.25.2-pp39-pypy39_pp73-manylinux_2_17_x86_64.manylinux2014_x86_64.whl", hash = "sha256:4c3abc71e8b6edba80a01a52e66d83c5d14433cbcd26a40c329ec7ed09f37901"},
    {file = "numpy-1.25.2-pp39-pypy39_pp73-win_amd64.whl", hash = "sha256:1b9735c27cea5d995496f46a8b1cd7b408b3f34b6d50459d9ac8fe3a20cc17bf"},
    {file = "numpy-1.25.2.tar.gz", hash = "sha256:fd608e19c8d7c55021dffd43bfe5492fab8cc105cc8986f813f8c3c048b38760"},
]

[[package]]
name = "pbr"
version = "5.11.1"
requires_python = ">=2.6"
summary = "Python Build Reasonableness"
files = [
    {file = "pbr-5.11.1-py2.py3-none-any.whl", hash = "sha256:567f09558bae2b3ab53cb3c1e2e33e726ff3338e7bae3db5dc954b3a44eef12b"},
    {file = "pbr-5.11.1.tar.gz", hash = "sha256:aefc51675b0b533d56bb5fd1c8c6c0522fe31896679882e1c4c63d5e4a0fccb3"},
]

[[package]]
name = "ply"
version = "3.11"
summary = "Python Lex & Yacc"
files = [
    {file = "ply-3.11-py2.py3-none-any.whl", hash = "sha256:096f9b8350b65ebd2fd1346b12452efe5b9607f7482813ffca50c22722a807ce"},
    {file = "ply-3.11.tar.gz", hash = "sha256:00c7c1aaa88358b9c765b6d3000c6eec0ba42abca5351b095321aef446081da3"},
]

[[package]]
name = "psutil"
version = "5.9.5"
requires_python = ">=2.7, !=3.0.*, !=3.1.*, !=3.2.*, !=3.3.*"
summary = "Cross-platform lib for process and system monitoring in Python."
files = [
    {file = "psutil-5.9.5-cp36-abi3-macosx_10_9_x86_64.whl", hash = "sha256:3c6f686f4225553615612f6d9bc21f1c0e305f75d7d8454f9b46e901778e7217"},
    {file = "psutil-5.9.5-cp36-abi3-manylinux_2_12_i686.manylinux2010_i686.manylinux_2_17_i686.manylinux2014_i686.whl", hash = "sha256:7a7dd9997128a0d928ed4fb2c2d57e5102bb6089027939f3b722f3a210f9a8da"},
    {file = "psutil-5.9.5-cp36-abi3-manylinux_2_12_x86_64.manylinux2010_x86_64.manylinux_2_17_x86_64.manylinux2014_x86_64.whl", hash = "sha256:89518112647f1276b03ca97b65cc7f64ca587b1eb0278383017c2a0dcc26cbe4"},
    {file = "psutil-5.9.5-cp36-abi3-win32.whl", hash = "sha256:104a5cc0e31baa2bcf67900be36acde157756b9c44017b86b2c049f11957887d"},
    {file = "psutil-5.9.5-cp36-abi3-win_amd64.whl", hash = "sha256:b258c0c1c9d145a1d5ceffab1134441c4c5113b2417fafff7315a917a026c3c9"},
    {file = "psutil-5.9.5-cp38-abi3-macosx_11_0_arm64.whl", hash = "sha256:c607bb3b57dc779d55e1554846352b4e358c10fff3abf3514a7a6601beebdb30"},
    {file = "psutil-5.9.5.tar.gz", hash = "sha256:5410638e4df39c54d957fc51ce03048acd8e6d60abc0f5107af51e5fb566eb3c"},
]

[[package]]
name = "python-dateutil"
version = "2.8.2"
requires_python = "!=3.0.*,!=3.1.*,!=3.2.*,>=2.7"
summary = "Extensions to the standard Python datetime module"
dependencies = [
    "six>=1.5",
]
files = [
    {file = "python-dateutil-2.8.2.tar.gz", hash = "sha256:0123cacc1627ae19ddf3c27a5de5bd67ee4586fbdd6440d9748f8abb483d3e86"},
    {file = "python_dateutil-2.8.2-py2.py3-none-any.whl", hash = "sha256:961d03dc3453ebbc59dbdea9e4e11c5651520a876d0f4db161e8674aae935da9"},
]

[[package]]
name = "qiskit"
version = "0.44.1"
requires_python = ">=3.8"
summary = "Software for developing quantum computing programs"
dependencies = [
    "qiskit-terra==0.25.1",
]
files = [
    {file = "qiskit-0.44.1-py3-none-any.whl", hash = "sha256:374a3c1a59c591308ef5332999226ba2f14e58ad22348768fa1d213f43ca7b9e"},
    {file = "qiskit-0.44.1.tar.gz", hash = "sha256:353c1aa2624c4044bd7013bd1e996a736c60934ebe323119c1f5b07527c6b05f"},
]

[[package]]
name = "qiskit-terra"
version = "0.25.1"
requires_python = ">=3.8"
summary = "Software for developing quantum computing programs"
dependencies = [
    "dill>=0.3",
    "numpy>=1.17",
    "ply>=3.10",
    "psutil>=5",
    "python-dateutil>=2.8.0",
    "rustworkx>=0.13.0",
    "scipy>=1.5",
    "stevedore>=3.0.0",
    "symengine<0.10,>=0.9; platform_machine == \"x86_64\" or platform_machine == \"aarch64\" or platform_machine == \"ppc64le\" or platform_machine == \"amd64\" or platform_machine == \"arm64\"",
    "sympy>=1.3",
    "typing-extensions; python_version < \"3.11\"",
]
files = [
    {file = "qiskit-terra-0.25.1.tar.gz", hash = "sha256:1ea5981800377af5cc8beefd5ca62e18196b918058de8382a129abc921fa3c8b"},
    {file = "qiskit_terra-0.25.1-cp38-abi3-macosx_10_9_universal2.whl", hash = "sha256:3e6db64d4582fbe5219a9a895df9229d72498a4be30a0aa0207578a5c20ae882"},
    {file = "qiskit_terra-0.25.1-cp38-abi3-macosx_10_9_x86_64.whl", hash = "sha256:c7193e53be5b86f66533244ca1038105b1c5e82d863f3711b4ba3c2eef531475"},
    {file = "qiskit_terra-0.25.1-cp38-abi3-macosx_11_0_arm64.whl", hash = "sha256:c981d9ad3471ea189361ccc7130e146cd914fef3fe3e8ad901d80a1dde775a27"},
    {file = "qiskit_terra-0.25.1-cp38-abi3-manylinux_2_12_i686.manylinux2010_i686.manylinux_2_17_i686.manylinux2014_i686.whl", hash = "sha256:a0f277ce67743b86d4cf4661509054003768fe02512d1326702781872495b8f3"},
    {file = "qiskit_terra-0.25.1-cp38-abi3-manylinux_2_17_aarch64.manylinux2014_aarch64.whl", hash = "sha256:45817d0ae1c0e61cde6aa795de5776dff85dc42d59825db6a1947a3c14b79b52"},
    {file = "qiskit_terra-0.25.1-cp38-abi3-manylinux_2_17_ppc64le.manylinux2014_ppc64le.whl", hash = "sha256:2b2b0b32b0e48ffae4298737707f550f8f47065a9f8718d4b0664d2c362bd63f"},
    {file = "qiskit_terra-0.25.1-cp38-abi3-manylinux_2_17_s390x.manylinux2014_s390x.whl", hash = "sha256:a9e70b51bdc67351989228c75c39712e3a07618ff85bc282899ff4f633da6e53"},
    {file = "qiskit_terra-0.25.1-cp38-abi3-manylinux_2_17_x86_64.manylinux2014_x86_64.whl", hash = "sha256:8f2aa56683d936a85dc5199af62d1c12afe03829aae867beab99a29e4b192ef1"},
    {file = "qiskit_terra-0.25.1-cp38-abi3-win32.whl", hash = "sha256:7b2d4c5f6832601f5c7da7752e67d5d5b75e69f42ba40c4113e6991ec4607fa9"},
    {file = "qiskit_terra-0.25.1-cp38-abi3-win_amd64.whl", hash = "sha256:bcf1d964b8f4328f62bc1c3d3a6f0f62fb9a4b78e799afb2c600e4d99e12cd25"},
]

[[package]]
name = "rustworkx"
version = "0.13.1"
requires_python = ">=3.7"
summary = "A python graph library implemented in Rust"
dependencies = [
    "numpy>=1.16.0",
]
files = [
    {file = "rustworkx-0.13.1-cp310-cp310-macosx_10_9_universal2.whl", hash = "sha256:97f0f6ad00374a21b2597ec0861aea6b5ae93f9464b74e34521a09516a6b13df"},
    {file = "rustworkx-0.13.1-cp310-cp310-macosx_10_9_x86_64.whl", hash = "sha256:ae06d002c3a52eae507517527735d6b23b222c66fbc6fc085481565e59c84291"},
    {file = "rustworkx-0.13.1-cp310-cp310-macosx_11_0_arm64.whl", hash = "sha256:58990e9596c02643941c940a20be99013defcc05dac2eb4ae21cc2f7b3143832"},
    {file = "rustworkx-0.13.1-cp310-cp310-manylinux_2_12_i686.manylinux2010_i686.manylinux_2_17_i686.manylinux2014_i686.whl", hash = "sha256:a1513124d021e91d965ebf09e30e2ddae47abcc785a72944522fd02db835edce"},
    {file = "rustworkx-0.13.1-cp310-cp310-manylinux_2_17_aarch64.manylinux2014_aarch64.whl", hash = "sha256:f2d968ba9da4cbf343ff7aee80a7e97e0d127fa0d5d4a2f456b86bfd3c324d58"},
    {file = "rustworkx-0.13.1-cp310-cp310-manylinux_2_17_x86_64.manylinux2014_x86_64.whl", hash = "sha256:42ad8c94ede16c8a325d661ebee7dacef11f409a2bcb5125840ebe80d9629c36"},
    {file = "rustworkx-0.13.1-cp310-cp310-win32.whl", hash = "sha256:40784246b0176f1b6a3ff74914f849dccfefee5213ab41c020abe1f8ded488b8"},
    {file = "rustworkx-0.13.1-cp310-cp310-win_amd64.whl", hash = "sha256:8bf3f636ffba33832f73dbb5937cfad37113a38b8c169be15e9d54c396fc33a8"},
    {file = "rustworkx-0.13.1-cp311-cp311-macosx_10_9_universal2.whl", hash = "sha256:1f6828ec18d47d0e435492aef2825739f68afecf1f8686ddee8b4c88c5fd3af0"},
    {file = "rustworkx-0.13.1-cp311-cp311-macosx_10_9_x86_64.whl", hash = "sha256:5207507bbebc034006c117cf568009eb18ebe1b47ef550d77781fccb5f089a97"},
    {file = "rustworkx-0.13.1-cp311-cp311-macosx_11_0_arm64.whl", hash = "sha256:1ac7aa312779d913f4f8159fdc9b7d31eca7667afa4a20c0bebb97d5e06be703"},
    {file = "rustworkx-0.13.1-cp311-cp311-manylinux_2_12_i686.manylinux2010_i686.manylinux_2_17_i686.manylinux2014_i686.whl", hash = "sha256:689cc3476f27b57fd4cc8f47140410496b811eab0325fd30b21721772e6e5e4f"},
    {file = "rustworkx-0.13.1-cp311-cp311-manylinux_2_17_aarch64.manylinux2014_aarch64.whl", hash = "sha256:da43ac860de5cebe464f3c8e4ee5e5d1665907299df36f6da22078419157c03a"},
    {file = "rustworkx-0.13.1-cp311-cp311-manylinux_2_17_x86_64.manylinux2014_x86_64.whl", hash = "sha256:0847a4464902f8154c8cb89ed5ebcc4a49542b004cfc71eeb4ed0b1e0547d10c"},
    {file = "rustworkx-0.13.1-cp311-cp311-win32.whl", hash = "sha256:156ea240f3a5f6d80dd23d198162ad997359da11b80257aa36fcd891889edfcf"},
    {file = "rustworkx-0.13.1-cp311-cp311-win_amd64.whl", hash = "sha256:64fee8e7d25d1648d1bdcb25907539c6c9d2e5ec7f22ed76f8c9dd9b6479ffa1"},
    {file = "rustworkx-0.13.1.tar.gz", hash = "sha256:e76c67896030c9edd9823c2937ac6bfa1ce58bae580a8214596b687b6011a487"},
]

[[package]]
name = "scipy"
version = "1.9.3"
requires_python = ">=3.8"
summary = "Fundamental algorithms for scientific computing in Python"
dependencies = [
    "numpy<1.26.0,>=1.18.5",
]
files = [
    {file = "scipy-1.9.3-cp310-cp310-macosx_10_9_x86_64.whl", hash = "sha256:1884b66a54887e21addf9c16fb588720a8309a57b2e258ae1c7986d4444d3bc0"},
    {file = "scipy-1.9.3-cp310-cp310-macosx_12_0_arm64.whl", hash = "sha256:83b89e9586c62e787f5012e8475fbb12185bafb996a03257e9675cd73d3736dd"},
    {file = "scipy-1.9.3-cp310-cp310-manylinux_2_17_aarch64.manylinux2014_aarch64.whl", hash = "sha256:1a72d885fa44247f92743fc20732ae55564ff2a519e8302fb7e18717c5355a8b"},
    {file = "scipy-1.9.3-cp310-cp310-manylinux_2_17_x86_64.manylinux2014_x86_64.whl", hash = "sha256:d01e1dd7b15bd2449c8bfc6b7cc67d630700ed655654f0dfcf121600bad205c9"},
    {file = "scipy-1.9.3-cp310-cp310-win_amd64.whl", hash = "sha256:68239b6aa6f9c593da8be1509a05cb7f9efe98b80f43a5861cd24c7557e98523"},
    {file = "scipy-1.9.3-cp311-cp311-macosx_10_9_x86_64.whl", hash = "sha256:b41bc822679ad1c9a5f023bc93f6d0543129ca0f37c1ce294dd9d386f0a21096"},
    {file = "scipy-1.9.3-cp311-cp311-macosx_12_0_arm64.whl", hash = "sha256:90453d2b93ea82a9f434e4e1cba043e779ff67b92f7a0e85d05d286a3625df3c"},
    {file = "scipy-1.9.3-cp311-cp311-manylinux_2_17_aarch64.manylinux2014_aarch64.whl", hash = "sha256:83c06e62a390a9167da60bedd4575a14c1f58ca9dfde59830fc42e5197283dab"},
    {file = "scipy-1.9.3-cp311-cp311-manylinux_2_17_x86_64.manylinux2014_x86_64.whl", hash = "sha256:abaf921531b5aeaafced90157db505e10345e45038c39e5d9b6c7922d68085cb"},
    {file = "scipy-1.9.3-cp311-cp311-win_amd64.whl", hash = "sha256:06d2e1b4c491dc7d8eacea139a1b0b295f74e1a1a0f704c375028f8320d16e31"},
    {file = "scipy-1.9.3.tar.gz", hash = "sha256:fbc5c05c85c1a02be77b1ff591087c83bc44579c6d2bd9fb798bb64ea5e1a027"},
]

[[package]]
name = "six"
version = "1.16.0"
requires_python = ">=2.7, !=3.0.*, !=3.1.*, !=3.2.*"
summary = "Python 2 and 3 compatibility utilities"
files = [
    {file = "six-1.16.0-py2.py3-none-any.whl", hash = "sha256:8abb2f1d86890a2dfb989f9a77cfcfd3e47c2a354b01111771326f8aa26e0254"},
    {file = "six-1.16.0.tar.gz", hash = "sha256:1e61c37477a1626458e36f7b1d82aa5c9b094fa4802892072e49de9c60c4c926"},
]

[[package]]
name = "stevedore"
version = "5.1.0"
requires_python = ">=3.8"
summary = "Manage dynamic plugins for Python applications"
dependencies = [
    "pbr!=2.1.0,>=2.0.0",
]
files = [
    {file = "stevedore-5.1.0-py3-none-any.whl", hash = "sha256:8cc040628f3cea5d7128f2e76cf486b2251a4e543c7b938f58d9a377f6694a2d"},
    {file = "stevedore-5.1.0.tar.gz", hash = "sha256:a54534acf9b89bc7ed264807013b505bf07f74dbe4bcfa37d32bd063870b087c"},
]

[[package]]
name = "symengine"
version = "0.9.2"
requires_python = ">=3.7,<4"
summary = "Python library providing wrappers to SymEngine"
files = [
    {file = "symengine-0.9.2-cp310-cp310-macosx_10_9_x86_64.whl", hash = "sha256:c57b542a88d88bf716f2ac15b928d37587030d5347d45aa3af18c741c07e04e2"},
    {file = "symengine-0.9.2-cp310-cp310-macosx_11_0_arm64.whl", hash = "sha256:201a6c33a2c391d4b9350e9f171e05ca54011599bb9fa9cd188548f0a26d2f31"},
    {file = "symengine-0.9.2-cp310-cp310-manylinux2010_x86_64.whl", hash = "sha256:dee0df899abeb78c08fff6471f4d979dad7d3d235e00303c7a641da7b92b025b"},
    {file = "symengine-0.9.2-cp310-cp310-manylinux2014_aarch64.whl", hash = "sha256:dfb3c764a52f2ade33c90c64baa14175103b6527773f2e23c961906159515725"},
    {file = "symengine-0.9.2-cp310-cp310-manylinux2014_ppc64le.whl", hash = "sha256:2ca84ce89c27788e9675fad31c8fa05317acd7ec7e034b562f3d3a6e72bf8004"},
    {file = "symengine-0.9.2-cp310-cp310-win_amd64.whl", hash = "sha256:eaf3604c469af16c1aa9d8f4287295e616840d7d14eeaab13228dd11c5e5fe75"},
    {file = "symengine-0.9.2-cp311-cp311-macosx_10_9_x86_64.whl", hash = "sha256:78c116c6220baf3c0fa93858e965db44661455e5f8d34558fef649b7c7be5e57"},
    {file = "symengine-0.9.2-cp311-cp311-macosx_11_0_arm64.whl", hash = "sha256:467621288f51f0315f5fc079e6919fad501faa99a5ed65c1f46197dc1be7fa47"},
    {file = "symengine-0.9.2-cp311-cp311-manylinux_2_12_x86_64.manylinux2010_x86_64.whl", hash = "sha256:1d6d92b02d2e72137d63520c4a2326ff4e1c1c24724160bd31e7f7370ad94185"},
    {file = "symengine-0.9.2-cp311-cp311-manylinux_2_17_aarch64.manylinux2014_aarch64.whl", hash = "sha256:061e045b9fef170b1f11a6f1c9aa387ec44d60480988a0af91ed26c96fb9427b"},
    {file = "symengine-0.9.2-cp311-cp311-manylinux_2_17_ppc64le.manylinux2014_ppc64le.whl", hash = "sha256:438b04f7089993caef00839a1e926f8b32cee77d7fb1f0e0d7cc69c351d16c08"},
    {file = "symengine-0.9.2-cp311-cp311-win_amd64.whl", hash = "sha256:376f74c0885b2f041fc08c00b63aae1c6732804da7a591d658a82ba1b70f2167"},
    {file = "symengine-0.9.2-pp37-pypy37_pp73-macosx_10_9_x86_64.whl", hash = "sha256:516ce80e73de94e1952cdf8ecbb75c581c6512b61f05979b92d3ad09867663ed"},
    {file = "symengine-0.9.2-pp37-pypy37_pp73-manylinux2010_x86_64.whl", hash = "sha256:0698bc5a95784f791feae5c6afbf49c4ccc2ce64531e4db505a2c0d1276fd015"},
    {file = "symengine-0.9.2-pp38-pypy38_pp73-macosx_10_9_x86_64.whl", hash = "sha256:1bd97d07fb5b82965c60713407cc7f8145d62406185df812beb31150a3c29fd0"},
    {file = "symengine-0.9.2-pp38-pypy38_pp73-manylinux_2_12_x86_64.manylinux2010_x86_64.whl", hash = "sha256:5040bf8d1fc34d958a83299dcc8a529e5f66fda416fe8f405466e10b0cd8e553"},
    {file = "symengine-0.9.2-pp38-pypy38_pp73-manylinux_2_17_aarch64.manylinux2014_aarch64.whl", hash = "sha256:7670f0c305a404c70a757c1aa0d7a81dbd5693bd6a04345e470a7584f166d684"},
    {file = "symengine-0.9.2-pp38-pypy38_pp73-manylinux_2_17_ppc64le.manylinux2014_ppc64le.whl", hash = "sha256:0bdf6102e01e1f81eca818d1ff538b100fa9462f30aa050ca4bb3246cb4874aa"},
    {file = "symengine-0.9.2-pp39-pypy39_pp73-macosx_10_9_x86_64.whl", hash = "sha256:1c2157602dc8b2ff6bfe6e9fdba7d527e674ebbeb73de1eb4fe197b3ddf226bb"},
    {file = "symengine-0.9.2-pp39-pypy39_pp73-manylinux_2_12_x86_64.manylinux2010_x86_64.whl", hash = "sha256:6eeeb5adf713be620c80c9fc2c215fac51c971e2bd57982da60c6f791af63f96"},
    {file = "symengine-0.9.2-pp39-pypy39_pp73-manylinux_2_17_aarch64.manylinux2014_aarch64.whl", hash = "sha256:89ccaeba9637c16e7a6b6443dfba36de99e6020ff5a4ca76c1a1710d43d04db7"},
    {file = "symengine-0.9.2-pp39-pypy39_pp73-manylinux_2_17_ppc64le.manylinux2014_ppc64le.whl", hash = "sha256:db8117e21bf73e0db144e060354cdbfb6b893e9125cf8fd43565e1546c186840"},
    {file = "symengine-0.9.2.tar.gz", hash = "sha256:0f7e45f5bba3fa844f7de7aa8d6640faaacb1075df76d8e4996e82b0ec6a4f62"},
]

[[package]]
name = "sympy"
version = "1.12"
requires_python = ">=3.8"
summary = "Computer algebra system (CAS) in Python"
dependencies = [
    "mpmath>=0.19",
]
files = [
    {file = "sympy-1.12-py3-none-any.whl", hash = "sha256:c3588cd4295d0c0f603d0f2ae780587e64e2efeedb3521e46b9bb1d08d184fa5"},
    {file = "sympy-1.12.tar.gz", hash = "sha256:ebf595c8dac3e0fdc4152c51878b498396ec7f30e7a914d6071e674d49420fb8"},
]

[[package]]
name = "typing-extensions"
version = "4.7.1"
requires_python = ">=3.7"
summary = "Backported and Experimental Type Hints for Python 3.7+"
files = [
    {file = "typing_extensions-4.7.1-py3-none-any.whl", hash = "sha256:440d5dd3af93b060174bf433bccd69b0babc3b15b1a8dca43789fd7f61514b36"},
    {file = "typing_extensions-4.7.1.tar.gz", hash = "sha256:b75ddc264f0ba5615db7ba217daeb99701ad295353c45f9e95963337ceeeffb2"},
]
